
Microsoft Visual Studio Solution File, Format Version 12.00
# Visual Studio Version 17
VisualStudioVersion = 17.0.31903.59
MinimumVisualStudioVersion = 10.0.40219.1
Project("{2150E333-8FDC-42A3-9474-1A3956D46DE8}") = "SimpleTests", "SimpleTests", "{A9EBE95B-9F39-469F-AC68-93BE45D72F40}"
EndProject
Project("{FAE04EC0-301F-11D3-BF4B-00C04F79EFBC}") = "SimpleBenchmarks", "src\SimpleBenchmarks\SimpleBenchmarks.csproj", "{EA033B6D-693E-4EA8-8B3E-ACEE619673B9}"
EndProject
Global
	GlobalSection(SolutionConfigurationPlatforms) = preSolution
		Debug|Any CPU = Debug|Any CPU
		Release|Any CPU = Release|Any CPU
	EndGlobalSection
	GlobalSection(ProjectConfigurationPlatforms) = postSolution
		{EA033B6D-693E-4EA8-8B3E-ACEE619673B9}.Debug|Any CPU.ActiveCfg = Debug|Any CPU
		{EA033B6D-693E-4EA8-8B3E-ACEE619673B9}.Debug|Any CPU.Build.0 = Debug|Any CPU
		{EA033B6D-693E-4EA8-8B3E-ACEE619673B9}.Release|Any CPU.ActiveCfg = Release|Any CPU
		{EA033B6D-693E-4EA8-8B3E-ACEE619673B9}.Release|Any CPU.Build.0 = Release|Any CPU
	EndGlobalSection
	GlobalSection(SolutionProperties) = preSolution
		HideSolutionNode = FALSE
	EndGlobalSection
	GlobalSection(NestedProjects) = preSolution
		{EA033B6D-693E-4EA8-8B3E-ACEE619673B9} = {A9EBE95B-9F39-469F-AC68-93BE45D72F40}
	EndGlobalSection
	GlobalSection(ExtensibilityGlobals) = postSolution
		SolutionGuid = {E423F322-9931-457B-BA31-E2CE46F869E0}
	EndGlobalSection
EndGlobal
